
Microsoft Visual Studio Solution File, Format Version 12.00
# Visual Studio Version 16
VisualStudioVersion = 16.0.33027.164
MinimumVisualStudioVersion = 10.0.40219.1
Project("{8BC9CEB8-8B4A-11D0-8D11-00A0C91BC942}") = "Dx12", "Dx12.vcxproj", "{F50EA7F2-25F5-44BC-9317-170B8B38ADC6}"
EndProject
Global
	GlobalSection(SolutionConfigurationPlatforms) = preSolution
		Debug|x64 = Debug|x64
		Release|x64 = Release|x64
	EndGlobalSection
	GlobalSection(ProjectConfigurationPlatforms) = postSolution
		{F50EA7F2-25F5-44BC-9317-170B8B38ADC6}.Debug|x64.ActiveCfg = Debug|x64
		{F50EA7F2-25F5-44BC-9317-170B8B38ADC6}.Debug|x64.Build.0 = Debug|x64
		{F50EA7F2-25F5-44BC-9317-170B8B38ADC6}.Release|x64.ActiveCfg = Release|x64
		{F50EA7F2-25F5-44BC-9317-170B8B38ADC6}.Release|x64.Build.0 = Release|x64
	EndGlobalSection
	GlobalSection(SolutionProperties) = preSolution
		HideSolutionNode = FALSE
	EndGlobalSection
	GlobalSection(ExtensibilityGlobals) = postSolution
		SolutionGuid = {FD9C15EC-6C3C-46B8-9BA0-BC0AB24611D0}
	EndGlobalSection
EndGlobal
